
Microsoft Visual Studio Solution File, Format Version 11.00
# Visual Studio 2010
Project("{FAE04EC0-301F-11D3-BF4B-00C04F79EFBC}") = "ticoMile", "Assembly-CSharp-firstpass.csproj", "{A40B2C71-5EC0-D0F3-586D-4ADC0EC6379F}"
EndProject
Project("{FAE04EC0-301F-11D3-BF4B-00C04F79EFBC}") = "ticoMile", "Assembly-CSharp-Editor-firstpass.csproj", "{AE475586-E9A2-3DD8-B75F-DC3A03F418BB}"
EndProject
Global
	GlobalSection(SolutionConfigurationPlatforms) = preSolution
		Debug|Any CPU = Debug|Any CPU
		Release|Any CPU = Release|Any CPU
	EndGlobalSection
	GlobalSection(ProjectConfigurationPlatforms) = postSolution
		{A40B2C71-5EC0-D0F3-586D-4ADC0EC6379F}.Debug|Any CPU.ActiveCfg = Debug|Any CPU
		{A40B2C71-5EC0-D0F3-586D-4ADC0EC6379F}.Debug|Any CPU.Build.0 = Debug|Any CPU
		{A40B2C71-5EC0-D0F3-586D-4ADC0EC6379F}.Release|Any CPU.ActiveCfg = Release|Any CPU
		{A40B2C71-5EC0-D0F3-586D-4ADC0EC6379F}.Release|Any CPU.Build.0 = Release|Any CPU
		{AE475586-E9A2-3DD8-B75F-DC3A03F418BB}.Debug|Any CPU.ActiveCfg = Debug|Any CPU
		{AE475586-E9A2-3DD8-B75F-DC3A03F418BB}.Debug|Any CPU.Build.0 = Debug|Any CPU
		{AE475586-E9A2-3DD8-B75F-DC3A03F418BB}.Release|Any CPU.ActiveCfg = Release|Any CPU
		{AE475586-E9A2-3DD8-B75F-DC3A03F418BB}.Release|Any CPU.Build.0 = Release|Any CPU
	EndGlobalSection
	GlobalSection(SolutionProperties) = preSolution
		HideSolutionNode = FALSE
	EndGlobalSection
	GlobalSection(MonoDevelopProperties) = preSolution
		StartupItem = Assembly-CSharp.csproj
	EndGlobalSection
EndGlobal
